
Microsoft Visual Studio Solution File, Format Version 12.00
# Visual Studio 15
VisualStudioVersion = 15.0.27004.2009
MinimumVisualStudioVersion = 10.0.40219.1
Project("{2150E333-8FDC-42A3-9474-1A3956D46DE8}") = "0 - Solution Items", "0 - Solution Items", "{72F8F4FD-0CAB-45C9-8E37-4BE55BEA6717}"
	ProjectSection(SolutionItems) = preProject
		readme.md = readme.md
	EndProjectSection
EndProject
Project("{2150E333-8FDC-42A3-9474-1A3956D46DE8}") = "1 - Src", "1 - Src", "{0548B483-1C20-41A2-8FC2-B1C81A126724}"
EndProject
Project("{2150E333-8FDC-42A3-9474-1A3956D46DE8}") = "2 - Tests", "2 - Tests", "{C7E33946-9204-4A92-A430-EC28C7883B95}"
EndProject
Project("{2150E333-8FDC-42A3-9474-1A3956D46DE8}") = "3 - Samples", "3 - Samples", "{0A09FFFC-5147-4075-8B0C-9E2C59000291}"
EndProject
Project("{2150E333-8FDC-42A3-9474-1A3956D46DE8}") = "4 - Experiments", "4 - Experiments", "{A7F9D167-0B41-4770-BEC0-F1DF0A2067B5}"
EndProject
Project("{9A19103F-16F7-4668-BE54-9A1E7A4F7556}") = "ExpressionTreeExperiment1", "4 - experiments\ExpressionTreeExperiment1\ExpressionTreeExperiment1.csproj", "{B08F2B9B-B7AC-4ACB-8A60-7A66012D1AE8}"
EndProject
Project("{FAE04EC0-301F-11D3-BF4B-00C04F79EFBC}") = "RuleEngine", "1 - src\RuleEngine\RuleEngine.csproj", "{A0B1DC0D-47AF-478B-BB06-CC3852B63B56}"
EndProject
Global
	GlobalSection(SolutionConfigurationPlatforms) = preSolution
		Debug|Any CPU = Debug|Any CPU
		Release|Any CPU = Release|Any CPU
	EndGlobalSection
	GlobalSection(ProjectConfigurationPlatforms) = postSolution
		{B08F2B9B-B7AC-4ACB-8A60-7A66012D1AE8}.Debug|Any CPU.ActiveCfg = Debug|Any CPU
		{B08F2B9B-B7AC-4ACB-8A60-7A66012D1AE8}.Debug|Any CPU.Build.0 = Debug|Any CPU
		{B08F2B9B-B7AC-4ACB-8A60-7A66012D1AE8}.Release|Any CPU.ActiveCfg = Release|Any CPU
		{B08F2B9B-B7AC-4ACB-8A60-7A66012D1AE8}.Release|Any CPU.Build.0 = Release|Any CPU
		{A0B1DC0D-47AF-478B-BB06-CC3852B63B56}.Debug|Any CPU.ActiveCfg = Debug|Any CPU
		{A0B1DC0D-47AF-478B-BB06-CC3852B63B56}.Debug|Any CPU.Build.0 = Debug|Any CPU
		{A0B1DC0D-47AF-478B-BB06-CC3852B63B56}.Release|Any CPU.ActiveCfg = Release|Any CPU
		{A0B1DC0D-47AF-478B-BB06-CC3852B63B56}.Release|Any CPU.Build.0 = Release|Any CPU
	EndGlobalSection
	GlobalSection(SolutionProperties) = preSolution
		HideSolutionNode = FALSE
	EndGlobalSection
	GlobalSection(NestedProjects) = preSolution
		{B08F2B9B-B7AC-4ACB-8A60-7A66012D1AE8} = {A7F9D167-0B41-4770-BEC0-F1DF0A2067B5}
		{A0B1DC0D-47AF-478B-BB06-CC3852B63B56} = {0548B483-1C20-41A2-8FC2-B1C81A126724}
	EndGlobalSection
	GlobalSection(ExtensibilityGlobals) = postSolution
		SolutionGuid = {0E799544-0217-479E-A142-014AD9DD3982}
	EndGlobalSection
EndGlobal
