
Microsoft Visual Studio Solution File, Format Version 12.00
# Visual Studio 15
VisualStudioVersion = 15.0.27130.2036
MinimumVisualStudioVersion = 10.0.40219.1
Project("{2150E333-8FDC-42A3-9474-1A3956D46DE8}") = "solution-items", "solution-items", "{ABDECE90-C6B3-4A19-8F80-553814BE49CE}"
	ProjectSection(SolutionItems) = preProject
		build.cake = build.cake
		build.ps1 = build.ps1
		build.sh = build.sh
		LICENSE = LICENSE
		README.MD = README.MD
	EndProjectSection
EndProject
Project("{2150E333-8FDC-42A3-9474-1A3956D46DE8}") = "src", "src", "{64290977-C140-466F-8586-B81D14D197E1}"
EndProject
Project("{2150E333-8FDC-42A3-9474-1A3956D46DE8}") = "tests", "tests", "{741D9194-A36C-4E2E-864F-83CDE4FA185B}"
EndProject
Project("{9A19103F-16F7-4668-BE54-9A1E7A4F7556}") = "RuleEngine", "src\RuleEngine\RuleEngine.csproj", "{7A1C597B-6239-4F47-9AD7-75C683D64F02}"
EndProject
Project("{9A19103F-16F7-4668-BE54-9A1E7A4F7556}") = "RuleEngine.Tests", "src\RuleEngine.Tests\RuleEngine.Tests.csproj", "{749ED7EA-5182-4B8A-ACC3-0A53D7B74EA7}"
EndProject
Project("{2150E333-8FDC-42A3-9474-1A3956D46DE8}") = "samples", "samples", "{B3C305B4-E12C-4276-91B7-D49D56BD1FEF}"
EndProject
Project("{9A19103F-16F7-4668-BE54-9A1E7A4F7556}") = "Sample1PlaceOrder", "samples\Sample1PlaceOrder\Sample1PlaceOrder.csproj", "{2CE7DDE9-2FCA-4BFC-B5ED-1301C786736E}"
EndProject
Project("{9A19103F-16F7-4668-BE54-9A1E7A4F7556}") = "RuleFactory", "src\RuleFactory\RuleFactory.csproj", "{67D5C84B-8ADB-4270-8780-09A61240903D}"
EndProject
Project("{9A19103F-16F7-4668-BE54-9A1E7A4F7556}") = "RuleFactory.Tests", "src\RuleFactory.Tests\RuleFactory.Tests.csproj", "{8B389F17-27E0-4B75-A6DB-4B39A3042D54}"
EndProject
Project("{9A19103F-16F7-4668-BE54-9A1E7A4F7556}") = "Sample2PlaceOrderRulesFromJsonFile", "samples\Sample2PlaceOrderRulesFromJsonFile\Sample2PlaceOrderRulesFromJsonFile.csproj", "{C2C0BCBD-7CD9-4754-A19C-D168D1CFC9FD}"
EndProject
Global
	GlobalSection(SolutionConfigurationPlatforms) = preSolution
		Debug|Any CPU = Debug|Any CPU
		Release|Any CPU = Release|Any CPU
	EndGlobalSection
	GlobalSection(ProjectConfigurationPlatforms) = postSolution
		{7A1C597B-6239-4F47-9AD7-75C683D64F02}.Debug|Any CPU.ActiveCfg = Debug|Any CPU
		{7A1C597B-6239-4F47-9AD7-75C683D64F02}.Debug|Any CPU.Build.0 = Debug|Any CPU
		{7A1C597B-6239-4F47-9AD7-75C683D64F02}.Release|Any CPU.ActiveCfg = Release|Any CPU
		{7A1C597B-6239-4F47-9AD7-75C683D64F02}.Release|Any CPU.Build.0 = Release|Any CPU
		{749ED7EA-5182-4B8A-ACC3-0A53D7B74EA7}.Debug|Any CPU.ActiveCfg = Debug|Any CPU
		{749ED7EA-5182-4B8A-ACC3-0A53D7B74EA7}.Debug|Any CPU.Build.0 = Debug|Any CPU
		{749ED7EA-5182-4B8A-ACC3-0A53D7B74EA7}.Release|Any CPU.ActiveCfg = Release|Any CPU
		{749ED7EA-5182-4B8A-ACC3-0A53D7B74EA7}.Release|Any CPU.Build.0 = Release|Any CPU
		{2CE7DDE9-2FCA-4BFC-B5ED-1301C786736E}.Debug|Any CPU.ActiveCfg = Debug|Any CPU
		{2CE7DDE9-2FCA-4BFC-B5ED-1301C786736E}.Debug|Any CPU.Build.0 = Debug|Any CPU
		{2CE7DDE9-2FCA-4BFC-B5ED-1301C786736E}.Release|Any CPU.ActiveCfg = Release|Any CPU
		{2CE7DDE9-2FCA-4BFC-B5ED-1301C786736E}.Release|Any CPU.Build.0 = Release|Any CPU
		{67D5C84B-8ADB-4270-8780-09A61240903D}.Debug|Any CPU.ActiveCfg = Debug|Any CPU
		{67D5C84B-8ADB-4270-8780-09A61240903D}.Debug|Any CPU.Build.0 = Debug|Any CPU
		{67D5C84B-8ADB-4270-8780-09A61240903D}.Release|Any CPU.ActiveCfg = Release|Any CPU
		{67D5C84B-8ADB-4270-8780-09A61240903D}.Release|Any CPU.Build.0 = Release|Any CPU
		{8B389F17-27E0-4B75-A6DB-4B39A3042D54}.Debug|Any CPU.ActiveCfg = Debug|Any CPU
		{8B389F17-27E0-4B75-A6DB-4B39A3042D54}.Debug|Any CPU.Build.0 = Debug|Any CPU
		{8B389F17-27E0-4B75-A6DB-4B39A3042D54}.Release|Any CPU.ActiveCfg = Release|Any CPU
		{8B389F17-27E0-4B75-A6DB-4B39A3042D54}.Release|Any CPU.Build.0 = Release|Any CPU
		{C2C0BCBD-7CD9-4754-A19C-D168D1CFC9FD}.Debug|Any CPU.ActiveCfg = Debug|Any CPU
		{C2C0BCBD-7CD9-4754-A19C-D168D1CFC9FD}.Debug|Any CPU.Build.0 = Debug|Any CPU
		{C2C0BCBD-7CD9-4754-A19C-D168D1CFC9FD}.Release|Any CPU.ActiveCfg = Release|Any CPU
		{C2C0BCBD-7CD9-4754-A19C-D168D1CFC9FD}.Release|Any CPU.Build.0 = Release|Any CPU
	EndGlobalSection
	GlobalSection(SolutionProperties) = preSolution
		HideSolutionNode = FALSE
	EndGlobalSection
	GlobalSection(NestedProjects) = preSolution
		{7A1C597B-6239-4F47-9AD7-75C683D64F02} = {64290977-C140-466F-8586-B81D14D197E1}
		{749ED7EA-5182-4B8A-ACC3-0A53D7B74EA7} = {741D9194-A36C-4E2E-864F-83CDE4FA185B}
		{2CE7DDE9-2FCA-4BFC-B5ED-1301C786736E} = {B3C305B4-E12C-4276-91B7-D49D56BD1FEF}
		{67D5C84B-8ADB-4270-8780-09A61240903D} = {64290977-C140-466F-8586-B81D14D197E1}
		{8B389F17-27E0-4B75-A6DB-4B39A3042D54} = {741D9194-A36C-4E2E-864F-83CDE4FA185B}
		{C2C0BCBD-7CD9-4754-A19C-D168D1CFC9FD} = {B3C305B4-E12C-4276-91B7-D49D56BD1FEF}
	EndGlobalSection
	GlobalSection(ExtensibilityGlobals) = postSolution
		SolutionGuid = {0E799544-0217-479E-A142-014AD9DD3982}
	EndGlobalSection
EndGlobal
